{
  "lockfile_version": "1",
  "packages": {
    "jdk-headless@latest": {
      "last_modified": "2023-11-05T03:42:12Z",
      "resolved": "github:NixOS/nixpkgs/15492ddc2974ba426ea7e17116ea7aa44fc96dcd#jdk8_headless",
      "source": "devbox-search",
      "version": "8u362-ga"
    },
    "python3@latest": {
      "last_modified": "2023-10-25T20:49:13Z",
      "plugin_version": "0.0.1",
      "resolved": "github:NixOS/nixpkgs/75a52265bda7fd25e06e3a67dee3f0354e73243c#python3",
      "source": "devbox-search",
      "version": "3.11.5"
    },
    "rustc@latest": {
      "last_modified": "2023-10-25T20:49:13Z",
      "plugin_version": "0.0.1",
      "resolved": "github:NixOS/nixpkgs/75a52265bda7fd25e06e3a67dee3f0354e73243c#rustc",
      "source": "devbox-search",
      "version": "1.72.1"
    }
  }
}
